
Microsoft Visual Studio Solution File, Format Version 12.00
# Visual Studio 15
VisualStudioVersion = 15.0.27428.2027
MinimumVisualStudioVersion = 10.0.40219.1
Project("{FAE04EC0-301F-11D3-BF4B-00C04F79EFBC}") = "Multiplica.Service", "Multiplica.Service\Multiplica.Service.csproj", "{E68E4839-29A4-474A-8EF8-835E58165325}"
EndProject
Project("{FAE04EC0-301F-11D3-BF4B-00C04F79EFBC}") = "Multiplica.Repository", "Multiplica.Repository\Multiplica.Repository.csproj", "{4FF73AC1-D1D5-428E-B938-2413FC3885D2}"
EndProject
Project("{FAE04EC0-301F-11D3-BF4B-00C04F79EFBC}") = "Multiplica.Application", "Multiplica.Application\Multiplica.Application.csproj", "{33792365-1D40-4748-B0A8-841C90E33474}"
EndProject
Global
	GlobalSection(SolutionConfigurationPlatforms) = preSolution
		Debug|Any CPU = Debug|Any CPU
		Release|Any CPU = Release|Any CPU
	EndGlobalSection
	GlobalSection(ProjectConfigurationPlatforms) = postSolution
		{E68E4839-29A4-474A-8EF8-835E58165325}.Debug|Any CPU.ActiveCfg = Debug|Any CPU
		{E68E4839-29A4-474A-8EF8-835E58165325}.Debug|Any CPU.Build.0 = Debug|Any CPU
		{E68E4839-29A4-474A-8EF8-835E58165325}.Release|Any CPU.ActiveCfg = Release|Any CPU
		{E68E4839-29A4-474A-8EF8-835E58165325}.Release|Any CPU.Build.0 = Release|Any CPU
		{4FF73AC1-D1D5-428E-B938-2413FC3885D2}.Debug|Any CPU.ActiveCfg = Debug|Any CPU
		{4FF73AC1-D1D5-428E-B938-2413FC3885D2}.Debug|Any CPU.Build.0 = Debug|Any CPU
		{4FF73AC1-D1D5-428E-B938-2413FC3885D2}.Release|Any CPU.ActiveCfg = Release|Any CPU
		{4FF73AC1-D1D5-428E-B938-2413FC3885D2}.Release|Any CPU.Build.0 = Release|Any CPU
		{33792365-1D40-4748-B0A8-841C90E33474}.Debug|Any CPU.ActiveCfg = Debug|Any CPU
		{33792365-1D40-4748-B0A8-841C90E33474}.Debug|Any CPU.Build.0 = Debug|Any CPU
		{33792365-1D40-4748-B0A8-841C90E33474}.Release|Any CPU.ActiveCfg = Release|Any CPU
		{33792365-1D40-4748-B0A8-841C90E33474}.Release|Any CPU.Build.0 = Release|Any CPU
	EndGlobalSection
	GlobalSection(SolutionProperties) = preSolution
		HideSolutionNode = FALSE
	EndGlobalSection
	GlobalSection(ExtensibilityGlobals) = postSolution
		SolutionGuid = {86BCE35E-9741-4BC9-A9D0-B75FB9419F8B}
	EndGlobalSection
EndGlobal
